
Microsoft Visual Studio Solution File, Format Version 12.00
# Visual Studio Version 16
VisualStudioVersion = 16.0.31205.134
MinimumVisualStudioVersion = 10.0.40219.1
Project("{FAE04EC0-301F-11D3-BF4B-00C04F79EFBC}") = "RoadStones Market", "RoadStones Market\RoadStones Market.csproj", "{5E3C6D55-4DB2-4B4C-9284-ED654AF63A8B}"
EndProject
Global
	GlobalSection(SolutionConfigurationPlatforms) = preSolution
		Debug|Any CPU = Debug|Any CPU
		Release|Any CPU = Release|Any CPU
	EndGlobalSection
	GlobalSection(ProjectConfigurationPlatforms) = postSolution
		{5E3C6D55-4DB2-4B4C-9284-ED654AF63A8B}.Debug|Any CPU.ActiveCfg = Debug|Any CPU
		{5E3C6D55-4DB2-4B4C-9284-ED654AF63A8B}.Debug|Any CPU.Build.0 = Debug|Any CPU
		{5E3C6D55-4DB2-4B4C-9284-ED654AF63A8B}.Release|Any CPU.ActiveCfg = Release|Any CPU
		{5E3C6D55-4DB2-4B4C-9284-ED654AF63A8B}.Release|Any CPU.Build.0 = Release|Any CPU
	EndGlobalSection
	GlobalSection(SolutionProperties) = preSolution
		HideSolutionNode = FALSE
	EndGlobalSection
	GlobalSection(ExtensibilityGlobals) = postSolution
		SolutionGuid = {A519290E-4BEF-48B2-A742-615FA8CC3270}
	EndGlobalSection
EndGlobal
